
Microsoft Visual Studio Solution File, Format Version 12.00
# Visual Studio Version 17
VisualStudioVersion = 17.8.34316.72
MinimumVisualStudioVersion = 10.0.40219.1
Project("{9A19103F-16F7-4668-BE54-9A1E7A4F7556}") = "ProgettoParadigmi.Api", "ProgettoParadigmi.Api\ProgettoParadigmi.Api.csproj", "{93AB0C61-6A0B-4127-8ED3-893CA6A4C321}"
EndProject
Project("{9A19103F-16F7-4668-BE54-9A1E7A4F7556}") = "ProgettoParadigmi.Models", "ProgettoParadigmi.Models\ProgettoParadigmi.Models.csproj", "{31C7A045-BA31-4AEF-AE7D-50E6DC629C99}"
EndProject
Project("{9A19103F-16F7-4668-BE54-9A1E7A4F7556}") = "ProgettoParadigmi.EmailSender", "ProgettoParadigmi.EmailSender\ProgettoParadigmi.EmailSender.csproj", "{9692FF28-2029-4273-9007-22F4908C0407}"
EndProject
Project("{9A19103F-16F7-4668-BE54-9A1E7A4F7556}") = "ProgettoParadigmi.Mobile", "ProgettoParadigmi.Mobile\ProgettoParadigmi.Mobile.csproj", "{968A2B09-23F7-426E-90E8-E0AE0B1760AA}"
EndProject
Global
	GlobalSection(SolutionConfigurationPlatforms) = preSolution
		Debug|Any CPU = Debug|Any CPU
		Release|Any CPU = Release|Any CPU
	EndGlobalSection
	GlobalSection(ProjectConfigurationPlatforms) = postSolution
		{93AB0C61-6A0B-4127-8ED3-893CA6A4C321}.Debug|Any CPU.ActiveCfg = Debug|Any CPU
		{93AB0C61-6A0B-4127-8ED3-893CA6A4C321}.Debug|Any CPU.Build.0 = Debug|Any CPU
		{93AB0C61-6A0B-4127-8ED3-893CA6A4C321}.Release|Any CPU.ActiveCfg = Release|Any CPU
		{93AB0C61-6A0B-4127-8ED3-893CA6A4C321}.Release|Any CPU.Build.0 = Release|Any CPU
		{31C7A045-BA31-4AEF-AE7D-50E6DC629C99}.Debug|Any CPU.ActiveCfg = Debug|Any CPU
		{31C7A045-BA31-4AEF-AE7D-50E6DC629C99}.Debug|Any CPU.Build.0 = Debug|Any CPU
		{31C7A045-BA31-4AEF-AE7D-50E6DC629C99}.Release|Any CPU.ActiveCfg = Release|Any CPU
		{31C7A045-BA31-4AEF-AE7D-50E6DC629C99}.Release|Any CPU.Build.0 = Release|Any CPU
		{9692FF28-2029-4273-9007-22F4908C0407}.Debug|Any CPU.ActiveCfg = Debug|Any CPU
		{9692FF28-2029-4273-9007-22F4908C0407}.Debug|Any CPU.Build.0 = Debug|Any CPU
		{9692FF28-2029-4273-9007-22F4908C0407}.Release|Any CPU.ActiveCfg = Release|Any CPU
		{9692FF28-2029-4273-9007-22F4908C0407}.Release|Any CPU.Build.0 = Release|Any CPU
		{968A2B09-23F7-426E-90E8-E0AE0B1760AA}.Debug|Any CPU.ActiveCfg = Debug|Any CPU
		{968A2B09-23F7-426E-90E8-E0AE0B1760AA}.Debug|Any CPU.Build.0 = Debug|Any CPU
		{968A2B09-23F7-426E-90E8-E0AE0B1760AA}.Debug|Any CPU.Deploy.0 = Debug|Any CPU
		{968A2B09-23F7-426E-90E8-E0AE0B1760AA}.Release|Any CPU.ActiveCfg = Release|Any CPU
		{968A2B09-23F7-426E-90E8-E0AE0B1760AA}.Release|Any CPU.Build.0 = Release|Any CPU
	EndGlobalSection
	GlobalSection(SolutionProperties) = preSolution
		HideSolutionNode = FALSE
	EndGlobalSection
	GlobalSection(ExtensibilityGlobals) = postSolution
		SolutionGuid = {625514D4-3409-432D-A85E-F8B6705044B1}
	EndGlobalSection
EndGlobal
